
Microsoft Visual Studio Solution File, Format Version 12.00
# Visual Studio Version 17
VisualStudioVersion = 17.2.32516.85
MinimumVisualStudioVersion = 10.0.40219.1
Project("{FAE04EC0-301F-11D3-BF4B-00C04F79EFBC}") = "testregex", "testregex.csproj", "{C7B4B46E-8979-4584-AA38-ACC353E625BD}"
EndProject
Global
	GlobalSection(SolutionConfigurationPlatforms) = preSolution
		Debug|Any CPU = Debug|Any CPU
		Release|Any CPU = Release|Any CPU
	EndGlobalSection
	GlobalSection(ProjectConfigurationPlatforms) = postSolution
		{C7B4B46E-8979-4584-AA38-ACC353E625BD}.Debug|Any CPU.ActiveCfg = Debug|Any CPU
		{C7B4B46E-8979-4584-AA38-ACC353E625BD}.Debug|Any CPU.Build.0 = Debug|Any CPU
		{C7B4B46E-8979-4584-AA38-ACC353E625BD}.Release|Any CPU.ActiveCfg = Release|Any CPU
		{C7B4B46E-8979-4584-AA38-ACC353E625BD}.Release|Any CPU.Build.0 = Release|Any CPU
	EndGlobalSection
	GlobalSection(SolutionProperties) = preSolution
		HideSolutionNode = FALSE
	EndGlobalSection
	GlobalSection(ExtensibilityGlobals) = postSolution
		SolutionGuid = {CD2673FC-F741-4C25-9511-1486A39086AE}
	EndGlobalSection
EndGlobal
